// !$*UTF8*$!
{
	archiveVersion = 1;
	classes = {
	};
	objectVersion = 46;
	objects = {

/* Begin PBXBuildFile section */
		7450A3C61D1F0A3700F07609 /* AppDelegate.swift in Sources */ = {isa = PBXBuildFile; fileRef = 7450A3C51D1F0A3700F07609 /* AppDelegate.swift */; };
		7450A3C81D1F0A3700F07609 /* ViewController.swift in Sources */ = {isa = PBXBuildFile; fileRef = 7450A3C71D1F0A3700F07609 /* ViewController.swift */; };
		7450A3CA1D1F0A3700F07609 /* Assets.xcassets in Resources */ = {isa = PBXBuildFile; fileRef = 7450A3C91D1F0A3700F07609 /* Assets.xcassets */; };
		7450A3CD1D1F0A3700F07609 /* Main.storyboard in Resources */ = {isa = PBXBuildFile; fileRef = 7450A3CB1D1F0A3700F07609 /* Main.storyboard */; };
		7450A3D81D1F0A3800F07609 /* icloudNotes_macOSTests.swift in Sources */ = {isa = PBXBuildFile; fileRef = 7450A3D71D1F0A3800F07609 /* icloudNotes_macOSTests.swift */; };
		7450A3E31D1F0A3800F07609 /* icloudNotes_macOSUITests.swift in Sources */ = {isa = PBXBuildFile; fileRef = 7450A3E21D1F0A3800F07609 /* icloudNotes_macOSUITests.swift */; };
/* End PBXBuildFile section */

/* Begin PBXContainerItemProxy section */
		7450A3D41D1F0A3700F07609 /* PBXContainerItemProxy */ = {
			isa = PBXContainerItemProxy;
			containerPortal = 7450A3BA1D1F0A3700F07609 /* Project object */;
			proxyType = 1;
			remoteGlobalIDString = 7450A3C11D1F0A3700F07609;
			remoteInfo = "icloudNotes-macOS";
		};
		7450A3DF1D1F0A3800F07609 /* PBXContainerItemProxy */ = {
			isa = PBXContainerItemProxy;
			containerPortal = 7450A3BA1D1F0A3700F07609 /* Project object */;
			proxyType = 1;
			remoteGlobalIDString = 7450A3C11D1F0A3700F07609;
			remoteInfo = "icloudNotes-macOS";
		};
/* End PBXContainerItemProxy section */

/* Begin PBXFileReference section */
		7450A3C21D1F0A3700F07609 /* icloudNotes-macOS.app */ = {isa = PBXFileReference; explicitFileType = wrapper.application; includeInIndex = 0; path = "icloudNotes-macOS.app"; sourceTree = BUILT_PRODUCTS_DIR; };
		7450A3C51D1F0A3700F07609 /* AppDelegate.swift */ = {isa = PBXFileReference; lastKnownFileType = sourcecode.swift; path = AppDelegate.swift; sourceTree = "<group>"; };
		7450A3C71D1F0A3700F07609 /* ViewController.swift */ = {isa = PBXFileReference; lastKnownFileType = sourcecode.swift; path = ViewController.swift; sourceTree = "<group>"; };
		7450A3C91D1F0A3700F07609 /* Assets.xcassets */ = {isa = PBXFileReference; lastKnownFileType = folder.assetcatalog; path = Assets.xcassets; sourceTree = "<group>"; };
		7450A3CC1D1F0A3700F07609 /* Base */ = {isa = PBXFileReference; lastKnownFileType = file.storyboard; name = Base; path = Base.lproj/Main.storyboard; sourceTree = "<group>"; };
		7450A3CE1D1F0A3700F07609 /* Info.plist */ = {isa = PBXFileReference; lastKnownFileType = text.plist.xml; path = Info.plist; sourceTree = "<group>"; };
		7450A3D31D1F0A3700F07609 /* icloudNotes-macOSTests.xctest */ = {isa = PBXFileReference; explicitFileType = wrapper.cfbundle; includeInIndex = 0; path = "icloudNotes-macOSTests.xctest"; sourceTree = BUILT_PRODUCTS_DIR; };
		7450A3D71D1F0A3800F07609 /* icloudNotes_macOSTests.swift */ = {isa = PBXFileReference; lastKnownFileType = sourcecode.swift; path = icloudNotes_macOSTests.swift; sourceTree = "<group>"; };
		7450A3D91D1F0A3800F07609 /* Info.plist */ = {isa = PBXFileReference; lastKnownFileType = text.plist.xml; path = Info.plist; sourceTree = "<group>"; };
		7450A3DE1D1F0A3800F07609 /* icloudNotes-macOSUITests.xctest */ = {isa = PBXFileReference; explicitFileType = wrapper.cfbundle; includeInIndex = 0; path = "icloudNotes-macOSUITests.xctest"; sourceTree = BUILT_PRODUCTS_DIR; };
		7450A3E21D1F0A3800F07609 /* icloudNotes_macOSUITests.swift */ = {isa = PBXFileReference; lastKnownFileType = sourcecode.swift; path = icloudNotes_macOSUITests.swift; sourceTree = "<group>"; };
		7450A3E41D1F0A3800F07609 /* Info.plist */ = {isa = PBXFileReference; lastKnownFileType = text.plist.xml; path = Info.plist; sourceTree = "<group>"; };
		7450A42A1D1F0B4400F07609 /* icloudNotes-macOS.entitlements */ = {isa = PBXFileReference; lastKnownFileType = text.xml; path = "icloudNotes-macOS.entitlements"; sourceTree = "<group>"; };
/* End PBXFileReference section */

/* Begin PBXFrameworksBuildPhase section */
		7450A3BF1D1F0A3700F07609 /* Frameworks */ = {
			isa = PBXFrameworksBuildPhase;
			buildActionMask = 2147483647;
			files = (
			);
			runOnlyForDeploymentPostprocessing = 0;
		};
		7450A3D01D1F0A3700F07609 /* Frameworks */ = {
			isa = PBXFrameworksBuildPhase;
			buildActionMask = 2147483647;
			files = (
			);
			runOnlyForDeploymentPostprocessing = 0;
		};
		7450A3DB1D1F0A3800F07609 /* Frameworks */ = {
			isa = PBXFrameworksBuildPhase;
			buildActionMask = 2147483647;
			files = (
			);
			runOnlyForDeploymentPostprocessing = 0;
		};
/* End PBXFrameworksBuildPhase section */

/* Begin PBXGroup section */
		7450A3B91D1F0A3700F07609 = {
			isa = PBXGroup;
			children = (
				7450A3C41D1F0A3700F07609 /* icloudNotes-macOS */,
				7450A3D61D1F0A3700F07609 /* icloudNotes-macOSTests */,
				7450A3E11D1F0A3800F07609 /* icloudNotes-macOSUITests */,
				7450A3C31D1F0A3700F07609 /* Products */,
			);
			sourceTree = "<group>";
		};
		7450A3C31D1F0A3700F07609 /* Products */ = {
			isa = PBXGroup;
			children = (
				7450A3C21D1F0A3700F07609 /* icloudNotes-macOS.app */,
				7450A3D31D1F0A3700F07609 /* icloudNotes-macOSTests.xctest */,
				7450A3DE1D1F0A3800F07609 /* icloudNotes-macOSUITests.xctest */,
			);
			name = Products;
			sourceTree = "<group>";
		};
		7450A3C41D1F0A3700F07609 /* icloudNotes-macOS */ = {
			isa = PBXGroup;
			children = (
				7450A42A1D1F0B4400F07609 /* icloudNotes-macOS.entitlements */,
				7450A3C51D1F0A3700F07609 /* AppDelegate.swift */,
				7450A3C71D1F0A3700F07609 /* ViewController.swift */,
				7450A3C91D1F0A3700F07609 /* Assets.xcassets */,
				7450A3CB1D1F0A3700F07609 /* Main.storyboard */,
				7450A3CE1D1F0A3700F07609 /* Info.plist */,
			);
			path = "icloudNotes-macOS";
			sourceTree = "<group>";
		};
		7450A3D61D1F0A3700F07609 /* icloudNotes-macOSTests */ = {
			isa = PBXGroup;
			children = (
				7450A3D71D1F0A3800F07609 /* icloudNotes_macOSTests.swift */,
				7450A3D91D1F0A3800F07609 /* Info.plist */,
			);
			path = "icloudNotes-macOSTests";
			sourceTree = "<group>";
		};
		7450A3E11D1F0A3800F07609 /* icloudNotes-macOSUITests */ = {
			isa = PBXGroup;
			children = (
				7450A3E21D1F0A3800F07609 /* icloudNotes_macOSUITests.swift */,
				7450A3E41D1F0A3800F07609 /* Info.plist */,
			);
			path = "icloudNotes-macOSUITests";
			sourceTree = "<group>";
		};
/* End PBXGroup section */

/* Begin PBXNativeTarget section */
		7450A3C11D1F0A3700F07609 /* icloudNotes-macOS */ = {
			isa = PBXNativeTarget;
			buildConfigurationList = 7450A3E71D1F0A3800F07609 /* Build configuration list for PBXNativeTarget "icloudNotes-macOS" */;
			buildPhases = (
				7450A3BE1D1F0A3700F07609 /* Sources */,
				7450A3BF1D1F0A3700F07609 /* Frameworks */,
				7450A3C01D1F0A3700F07609 /* Resources */,
			);
			buildRules = (
			);
			dependencies = (
			);
			name = "icloudNotes-macOS";
			productName = "icloudNotes-macOS";
			productReference = 7450A3C21D1F0A3700F07609 /* icloudNotes-macOS.app */;
			productType = "com.apple.product-type.application";
		};
		7450A3D21D1F0A3700F07609 /* icloudNotes-macOSTests */ = {
			isa = PBXNativeTarget;
			buildConfigurationList = 7450A3EA1D1F0A3800F07609 /* Build configuration list for PBXNativeTarget "icloudNotes-macOSTests" */;
			buildPhases = (
				7450A3CF1D1F0A3700F07609 /* Sources */,
				7450A3D01D1F0A3700F07609 /* Frameworks */,
				7450A3D11D1F0A3700F07609 /* Resources */,
			);
			buildRules = (
			);
			dependencies = (
				7450A3D51D1F0A3700F07609 /* PBXTargetDependency */,
			);
			name = "icloudNotes-macOSTests";
			productName = "icloudNotes-macOSTests";
			productReference = 7450A3D31D1F0A3700F07609 /* icloudNotes-macOSTests.xctest */;
			productType = "com.apple.product-type.bundle.unit-test";
		};
		7450A3DD1D1F0A3800F07609 /* icloudNotes-macOSUITests */ = {
			isa = PBXNativeTarget;
			buildConfigurationList = 7450A3ED1D1F0A3800F07609 /* Build configuration list for PBXNativeTarget "icloudNotes-macOSUITests" */;
			buildPhases = (
				7450A3DA1D1F0A3800F07609 /* Sources */,
				7450A3DB1D1F0A3800F07609 /* Frameworks */,
				7450A3DC1D1F0A3800F07609 /* Resources */,
			);
			buildRules = (
			);
			dependencies = (
				7450A3E01D1F0A3800F07609 /* PBXTargetDependency */,
			);
			name = "icloudNotes-macOSUITests";
			productName = "icloudNotes-macOSUITests";
			productReference = 7450A3DE1D1F0A3800F07609 /* icloudNotes-macOSUITests.xctest */;
			productType = "com.apple.product-type.bundle.ui-testing";
		};
/* End PBXNativeTarget section */

/* Begin PBXProject section */
		7450A3BA1D1F0A3700F07609 /* Project object */ = {
			isa = PBXProject;
			attributes = {
				LastSwiftUpdateCheck = 0730;
				LastUpgradeCheck = 0730;
				ORGANIZATIONNAME = "Ajay Thakur";
				TargetAttributes = {
					7450A3C11D1F0A3700F07609 = {
						CreatedOnToolsVersion = 7.3.1;
						DevelopmentTeam = 489DFKYAU5;
						SystemCapabilities = {
							com.apple.iCloud = {
								enabled = 1;
							};
						};
					};
					7450A3D21D1F0A3700F07609 = {
						CreatedOnToolsVersion = 7.3.1;
						TestTargetID = 7450A3C11D1F0A3700F07609;
					};
					7450A3DD1D1F0A3800F07609 = {
						CreatedOnToolsVersion = 7.3.1;
						TestTargetID = 7450A3C11D1F0A3700F07609;
					};
				};
			};
			buildConfigurationList = 7450A3BD1D1F0A3700F07609 /* Build configuration list for PBXProject "icloudNotes-macOS" */;
			compatibilityVersion = "Xcode 3.2";
			developmentRegion = English;
			hasScannedForEncodings = 0;
			knownRegions = (
				en,
				Base,
			);
			mainGroup = 7450A3B91D1F0A3700F07609;
			productRefGroup = 7450A3C31D1F0A3700F07609 /* Products */;
			projectDirPath = "";
			projectRoot = "";
			targets = (
				7450A3C11D1F0A3700F07609 /* icloudNotes-macOS */,
				7450A3D21D1F0A3700F07609 /* icloudNotes-macOSTests */,
				7450A3DD1D1F0A3800F07609 /* icloudNotes-macOSUITests */,
			);
		};
/* End PBXProject section */

/* Begin PBXResourcesBuildPhase section */
		7450A3C01D1F0A3700F07609 /* Resources */ = {
			isa = PBXResourcesBuildPhase;
			buildActionMask = 2147483647;
			files = (
				7450A3CA1D1F0A3700F07609 /* Assets.xcassets in Resources */,
				7450A3CD1D1F0A3700F07609 /* Main.storyboard in Resources */,
			);
			runOnlyForDeploymentPostprocessing = 0;
		};
		7450A3D11D1F0A3700F07609 /* Resources */ = {
			isa = PBXResourcesBuildPhase;
			buildActionMask = 2147483647;
			files = (
			);
			runOnlyForDeploymentPostprocessing = 0;
		};
		7450A3DC1D1F0A3800F07609 /* Resources */ = {
			isa = PBXResourcesBuildPhase;
			buildActionMask = 2147483647;
			files = (
			);
			runOnlyForDeploymentPostprocessing = 0;
		};
/* End PBXResourcesBuildPhase section */

/* Begin PBXSourcesBuildPhase section */
		7450A3BE1D1F0A3700F07609 /* Sources */ = {
			isa = PBXSourcesBuildPhase;
			buildActionMask = 2147483647;
			files = (
				7450A3C81D1F0A3700F07609 /* ViewController.swift in Sources */,
				7450A3C61D1F0A3700F07609 /* AppDelegate.swift in Sources */,
			);
			runOnlyForDeploymentPostprocessing = 0;
		};
		7450A3CF1D1F0A3700F07609 /* Sources */ = {
			isa = PBXSourcesBuildPhase;
			buildActionMask = 2147483647;
			files = (
				7450A3D81D1F0A3800F07609 /* icloudNotes_macOSTests.swift in Sources */,
			);
			runOnlyForDeploymentPostprocessing = 0;
		};
		7450A3DA1D1F0A3800F07609 /* Sources */ = {
			isa = PBXSourcesBuildPhase;
			buildActionMask = 2147483647;
			files = (
				7450A3E31D1F0A3800F07609 /* icloudNotes_macOSUITests.swift in Sources */,
			);
			runOnlyForDeploymentPostprocessing = 0;
		};
/* End PBXSourcesBuildPhase section */

/* Begin PBXTargetDependency section */
		7450A3D51D1F0A3700F07609 /* PBXTargetDependency */ = {
			isa = PBXTargetDependency;
			target = 7450A3C11D1F0A3700F07609 /* icloudNotes-macOS */;
			targetProxy = 7450A3D41D1F0A3700F07609 /* PBXContainerItemProxy */;
		};
		7450A3E01D1F0A3800F07609 /* PBXTargetDependency */ = {
			isa = PBXTargetDependency;
			target = 7450A3C11D1F0A3700F07609 /* icloudNotes-macOS */;
			targetProxy = 7450A3DF1D1F0A3800F07609 /* PBXContainerItemProxy */;
		};
/* End PBXTargetDependency section */

/* Begin PBXVariantGroup section */
		7450A3CB1D1F0A3700F07609 /* Main.storyboard */ = {
			isa = PBXVariantGroup;
			children = (
				7450A3CC1D1F0A3700F07609 /* Base */,
			);
			name = Main.storyboard;
			sourceTree = "<group>";
		};
/* End PBXVariantGroup section */

/* Begin XCBuildConfiguration section */
		7450A3E51D1F0A3800F07609 /* Debug */ = {
			isa = XCBuildConfiguration;
			buildSettings = {
				ALWAYS_SEARCH_USER_PATHS = NO;
				CLANG_ANALYZER_NONNULL = YES;
				CLANG_CXX_LANGUAGE_STANDARD = "gnu++0x";
				CLANG_CXX_LIBRARY = "libc++";
				CLANG_ENABLE_MODULES = YES;
				CLANG_ENABLE_OBJC_ARC = YES;
				CLANG_WARN_BOOL_CONVERSION = YES;
				CLANG_WARN_CONSTANT_CONVERSION = YES;
				CLANG_WARN_DIRECT_OBJC_ISA_USAGE = YES_ERROR;
				CLANG_WARN_EMPTY_BODY = YES;
				CLANG_WARN_ENUM_CONVERSION = YES;
				CLANG_WARN_INT_CONVERSION = YES;
				CLANG_WARN_OBJC_ROOT_CLASS = YES_ERROR;
				CLANG_WARN_UNREACHABLE_CODE = YES;
				CLANG_WARN__DUPLICATE_METHOD_MATCH = YES;
				CODE_SIGN_IDENTITY = "-";
				COPY_PHASE_STRIP = NO;
				DEBUG_INFORMATION_FORMAT = dwarf;
				ENABLE_STRICT_OBJC_MSGSEND = YES;
				ENABLE_TESTABILITY = YES;
				GCC_C_LANGUAGE_STANDARD = gnu99;
				GCC_DYNAMIC_NO_PIC = NO;
				GCC_NO_COMMON_BLOCKS = YES;
				GCC_OPTIMIZATION_LEVEL = 0;
				GCC_PREPROCESSOR_DEFINITIONS = (
					"DEBUG=1",
					"$(inherited)",
				);
				GCC_WARN_64_TO_32_BIT_CONVERSION = YES;
				GCC_WARN_ABOUT_RETURN_TYPE = YES_ERROR;
				GCC_WARN_UNDECLARED_SELECTOR = YES;
				GCC_WARN_UNINITIALIZED_AUTOS = YES_AGGRESSIVE;
				GCC_WARN_UNUSED_FUNCTION = YES;
				GCC_WARN_UNUSED_VARIABLE = YES;
				MACOSX_DEPLOYMENT_TARGET = 10.11;
				MTL_ENABLE_DEBUG_INFO = YES;
				ONLY_ACTIVE_ARCH = YES;
				SDKROOT = macosx;
				SWIFT_OPTIMIZATION_LEVEL = "-Onone";
			};
			name = Debug;
		};
		7450A3E61D1F0A3800F07609 /* Release */ = {
			isa = XCBuildConfiguration;
			buildSettings = {
				ALWAYS_SEARCH_USER_PATHS = NO;
				CLANG_ANALYZER_NONNULL = YES;
				CLANG_CXX_LANGUAGE_STANDARD = "gnu++0x";
				CLANG_CXX_LIBRARY = "libc++";
				CLANG_ENABLE_MODULES = YES;
				CLANG_ENABLE_OBJC_ARC = YES;
				CLANG_WARN_BOOL_CONVERSION = YES;
				CLANG_WARN_CONSTANT_CONVERSION = YES;
				CLANG_WARN_DIRECT_OBJC_ISA_USAGE = YES_ERROR;
				CLANG_WARN_EMPTY_BODY = YES;
				CLANG_WARN_ENUM_CONVERSION = YES;
				CLANG_WARN_INT_CONVERSION = YES;
				CLANG_WARN_OBJC_ROOT_CLASS = YES_ERROR;
				CLANG_WARN_UNREACHABLE_CODE = YES;
				CLANG_WARN__DUPLICATE_METHOD_MATCH = YES;
				CODE_SIGN_IDENTITY = "-";
				COPY_PHASE_STRIP = NO;
				DEBUG_INFORMATION_FORMAT = "dwarf-with-dsym";
				ENABLE_NS_ASSERTIONS = NO;
				ENABLE_STRICT_OBJC_MSGSEND = YES;
				GCC_C_LANGUAGE_STANDARD = gnu99;
				GCC_NO_COMMON_BLOCKS = YES;
				GCC_WARN_64_TO_32_BIT_CONVERSION = YES;
				GCC_WARN_ABOUT_RETURN_TYPE = YES_ERROR;
				GCC_WARN_UNDECLARED_SELECTOR = YES;
				GCC_WARN_UNINITIALIZED_AUTOS = YES_AGGRESSIVE;
				GCC_WARN_UNUSED_FUNCTION = YES;
				GCC_WARN_UNUSED_VARIABLE = YES;
				MACOSX_DEPLOYMENT_TARGET = 10.11;
				MTL_ENABLE_DEBUG_INFO = NO;
				SDKROOT = macosx;
			};
			name = Release;
		};
		7450A3E81D1F0A3800F07609 /* Debug */ = {
			isa = XCBuildConfiguration;
			buildSettings = {
				ASSETCATALOG_COMPILER_APPICON_NAME = AppIcon;
				CODE_SIGN_ENTITLEMENTS = "icloudNotes-macOS/icloudNotes-macOS.entitlements";
				CODE_SIGN_IDENTITY = "Mac Developer";
				"CODE_SIGN_IDENTITY[sdk=macosx*]" = "Mac Developer";
				COMBINE_HIDPI_IMAGES = YES;
				INFOPLIST_FILE = "icloudNotes-macOS/Info.plist";
				LD_RUNPATH_SEARCH_PATHS = "$(inherited) @executable_path/../Frameworks";
				PRODUCT_BUNDLE_IDENTIFIER = "com.plutoapps.icloudNotes-macOS";
				PRODUCT_NAME = "$(TARGET_NAME)";
				PROVISIONING_PROFILE = "";
			};
			name = Debug;
		};
		7450A3E91D1F0A3800F07609 /* Release */ = {
			isa = XCBuildConfiguration;
			buildSettings = {
				ASSETCATALOG_COMPILER_APPICON_NAME = AppIcon;
				CODE_SIGN_ENTITLEMENTS = "icloudNotes-macOS/icloudNotes-macOS.entitlements";
				CODE_SIGN_IDENTITY = "Mac Developer";
				"CODE_SIGN_IDENTITY[sdk=macosx*]" = "Mac Developer";
				COMBINE_HIDPI_IMAGES = YES;
				INFOPLIST_FILE = "icloudNotes-macOS/Info.plist";
				LD_RUNPATH_SEARCH_PATHS = "$(inherited) @executable_path/../Frameworks";
				PRODUCT_BUNDLE_IDENTIFIER = "com.plutoapps.icloudNotes-macOS";
				PRODUCT_NAME = "$(TARGET_NAME)";
				PROVISIONING_PROFILE = "";
			};
			name = Release;
		};
		7450A3EB1D1F0A3800F07609 /* Debug */ = {
			isa = XCBuildConfiguration;
			buildSettings = {
				BUNDLE_LOADER = "$(TEST_HOST)";
				COMBINE_HIDPI_IMAGES = YES;
				INFOPLIST_FILE = "icloudNotes-macOSTests/Info.plist";
				LD_RUNPATH_SEARCH_PATHS = "$(inherited) @executable_path/../Frameworks @loader_path/../Frameworks";
				PRODUCT_BUNDLE_IDENTIFIER = "com.plutoapps.icloudNotes-macOSTests";
				PRODUCT_NAME = "$(TARGET_NAME)";
				TEST_HOST = "$(BUILT_PRODUCTS_DIR)/icloudNotes-macOS.app/Contents/MacOS/icloudNotes-macOS";
			};
			name = Debug;
		};
		7450A3EC1D1F0A3800F07609 /* Release */ = {
			isa = XCBuildConfiguration;
			buildSettings = {
				BUNDLE_LOADER = "$(TEST_HOST)";
				COMBINE_HIDPI_IMAGES = YES;
				INFOPLIST_FILE = "icloudNotes-macOSTests/Info.plist";
				LD_RUNPATH_SEARCH_PATHS = "$(inherited) @executable_path/../Frameworks @loader_path/../Frameworks";
				PRODUCT_BUNDLE_IDENTIFIER = "com.plutoapps.icloudNotes-macOSTests";
				PRODUCT_NAME = "$(TARGET_NAME)";
				TEST_HOST = "$(BUILT_PRODUCTS_DIR)/icloudNotes-macOS.app/Contents/MacOS/icloudNotes-macOS";
			};
			name = Release;
		};
		7450A3EE1D1F0A3800F07609 /* Debug */ = {
			isa = XCBuildConfiguration;
			buildSettings = {
				COMBINE_HIDPI_IMAGES = YES;
				INFOPLIST_FILE = "icloudNotes-macOSUITests/Info.plist";
				LD_RUNPATH_SEARCH_PATHS = "$(inherited) @executable_path/../Frameworks @loader_path/../Frameworks";
				PRODUCT_BUNDLE_IDENTIFIER = "com.plutoapps.icloudNotes-macOSUITests";
				PRODUCT_NAME = "$(TARGET_NAME)";
				TEST_TARGET_NAME = "icloudNotes-macOS";
			};
			name = Debug;
		};
		7450A3EF1D1F0A3800F07609 /* Release */ = {
			isa = XCBuildConfiguration;
			buildSettings = {
				COMBINE_HIDPI_IMAGES = YES;
				INFOPLIST_FILE = "icloudNotes-macOSUITests/Info.plist";
				LD_RUNPATH_SEARCH_PATHS = "$(inherited) @executable_path/../Frameworks @loader_path/../Frameworks";
				PRODUCT_BUNDLE_IDENTIFIER = "com.plutoapps.icloudNotes-macOSUITests";
				PRODUCT_NAME = "$(TARGET_NAME)";
				TEST_TARGET_NAME = "icloudNotes-macOS";
			};
			name = Release;
		};
/* End XCBuildConfiguration section */

/* Begin XCConfigurationList section */
		7450A3BD1D1F0A3700F07609 /* Build configuration list for PBXProject "icloudNotes-macOS" */ = {
			isa = XCConfigurationList;
			buildConfigurations = (
				7450A3E51D1F0A3800F07609 /* Debug */,
				7450A3E61D1F0A3800F07609 /* Release */,
			);
			defaultConfigurationIsVisible = 0;
			defaultConfigurationName = Release;
		};
		7450A3E71D1F0A3800F07609 /* Build configuration list for PBXNativeTarget "icloudNotes-macOS" */ = {
			isa = XCConfigurationList;
			buildConfigurations = (
				7450A3E81D1F0A3800F07609 /* Debug */,
				7450A3E91D1F0A3800F07609 /* Release */,
			);
			defaultConfigurationIsVisible = 0;
			defaultConfigurationName = Release;
		};
		7450A3EA1D1F0A3800F07609 /* Build configuration list for PBXNativeTarget "icloudNotes-macOSTests" */ = {
			isa = XCConfigurationList;
			buildConfigurations = (
				7450A3EB1D1F0A3800F07609 /* Debug */,
				7450A3EC1D1F0A3800F07609 /* Release */,
			);
			defaultConfigurationIsVisible = 0;
			defaultConfigurationName = Release;
		};
		7450A3ED1D1F0A3800F07609 /* Build configuration list for PBXNativeTarget "icloudNotes-macOSUITests" */ = {
			isa = XCConfigurationList;
			buildConfigurations = (
				7450A3EE1D1F0A3800F07609 /* Debug */,
				7450A3EF1D1F0A3800F07609 /* Release */,
			);
			defaultConfigurationIsVisible = 0;
			defaultConfigurationName = Release;
		};
/* End XCConfigurationList section */
	};
	rootObject = 7450A3BA1D1F0A3700F07609 /* Project object */;
}
